// !$*UTF8*$!
{
	archiveVersion = 1;
	classes = {
	};
	objectVersion = 50;
	objects = {

/* Begin PBXBuildFile section */
		AB8B06BE26D51103009F0795 /* AppDelegate.swift in Sources */ = {isa = PBXBuildFile; fileRef = AB8B06BD26D51103009F0795 /* AppDelegate.swift */; };
		AB8B06C026D51103009F0795 /* SceneDelegate.swift in Sources */ = {isa = PBXBuildFile; fileRef = AB8B06BF26D51103009F0795 /* SceneDelegate.swift */; };
		AB8B06C226D51103009F0795 /* MainViewController.swift in Sources */ = {isa = PBXBuildFile; fileRef = AB8B06C126D51103009F0795 /* MainViewController.swift */; };
		AB8B06C526D51103009F0795 /* Main.storyboard in Resources */ = {isa = PBXBuildFile; fileRef = AB8B06C326D51103009F0795 /* Main.storyboard */; };
		AB8B06C726D51107009F0795 /* Assets.xcassets in Resources */ = {isa = PBXBuildFile; fileRef = AB8B06C626D51107009F0795 /* Assets.xcassets */; };
		AB8B06CA26D51107009F0795 /* LaunchScreen.storyboard in Resources */ = {isa = PBXBuildFile; fileRef = AB8B06C826D51107009F0795 /* LaunchScreen.storyboard */; };
		AB8B06D226D5145B009F0795 /* UserWelcomViewController.swift in Sources */ = {isa = PBXBuildFile; fileRef = AB8B06D126D5145B009F0795 /* UserWelcomViewController.swift */; };
/* End PBXBuildFile section */

/* Begin PBXFileReference section */
		AB8B06BA26D51103009F0795 /* LoginIN.app */ = {isa = PBXFileReference; explicitFileType = wrapper.application; includeInIndex = 0; path = LoginIN.app; sourceTree = BUILT_PRODUCTS_DIR; };
		AB8B06BD26D51103009F0795 /* AppDelegate.swift */ = {isa = PBXFileReference; lastKnownFileType = sourcecode.swift; path = AppDelegate.swift; sourceTree = "<group>"; };
		AB8B06BF26D51103009F0795 /* SceneDelegate.swift */ = {isa = PBXFileReference; lastKnownFileType = sourcecode.swift; path = SceneDelegate.swift; sourceTree = "<group>"; };
		AB8B06C126D51103009F0795 /* MainViewController.swift */ = {isa = PBXFileReference; lastKnownFileType = sourcecode.swift; path = MainViewController.swift; sourceTree = "<group>"; };
		AB8B06C426D51103009F0795 /* Base */ = {isa = PBXFileReference; lastKnownFileType = file.storyboard; name = Base; path = Base.lproj/Main.storyboard; sourceTree = "<group>"; };
		AB8B06C626D51107009F0795 /* Assets.xcassets */ = {isa = PBXFileReference; lastKnownFileType = folder.assetcatalog; path = Assets.xcassets; sourceTree = "<group>"; };
		AB8B06C926D51107009F0795 /* Base */ = {isa = PBXFileReference; lastKnownFileType = file.storyboard; name = Base; path = Base.lproj/LaunchScreen.storyboard; sourceTree = "<group>"; };
		AB8B06CB26D51107009F0795 /* Info.plist */ = {isa = PBXFileReference; lastKnownFileType = text.plist.xml; path = Info.plist; sourceTree = "<group>"; };
		AB8B06D126D5145B009F0795 /* UserWelcomViewController.swift */ = {isa = PBXFileReference; lastKnownFileType = sourcecode.swift; path = UserWelcomViewController.swift; sourceTree = "<group>"; };
/* End PBXFileReference section */

/* Begin PBXFrameworksBuildPhase section */
		AB8B06B726D51103009F0795 /* Frameworks */ = {
			isa = PBXFrameworksBuildPhase;
			buildActionMask = 2147483647;
			files = (
			);
			runOnlyForDeploymentPostprocessing = 0;
		};
/* End PBXFrameworksBuildPhase section */

/* Begin PBXGroup section */
		AB8B06B126D51103009F0795 = {
			isa = PBXGroup;
			children = (
				AB8B06BC26D51103009F0795 /* LoginIN */,
				AB8B06BB26D51103009F0795 /* Products */,
			);
			sourceTree = "<group>";
		};
		AB8B06BB26D51103009F0795 /* Products */ = {
			isa = PBXGroup;
			children = (
				AB8B06BA26D51103009F0795 /* LoginIN.app */,
			);
			name = Products;
			sourceTree = "<group>";
		};
		AB8B06BC26D51103009F0795 /* LoginIN */ = {
			isa = PBXGroup;
			children = (
				AB8B06BD26D51103009F0795 /* AppDelegate.swift */,
				AB8B06BF26D51103009F0795 /* SceneDelegate.swift */,
				AB8B06C126D51103009F0795 /* MainViewController.swift */,
				AB8B06D126D5145B009F0795 /* UserWelcomViewController.swift */,
				AB8B06C326D51103009F0795 /* Main.storyboard */,
				AB8B06C626D51107009F0795 /* Assets.xcassets */,
				AB8B06C826D51107009F0795 /* LaunchScreen.storyboard */,
				AB8B06CB26D51107009F0795 /* Info.plist */,
			);
			path = LoginIN;
			sourceTree = "<group>";
		};
/* End PBXGroup section */

/* Begin PBXNativeTarget section */
		AB8B06B926D51103009F0795 /* LoginIN */ = {
			isa = PBXNativeTarget;
			buildConfigurationList = AB8B06CE26D51107009F0795 /* Build configuration list for PBXNativeTarget "LoginIN" */;
			buildPhases = (
				AB8B06B626D51103009F0795 /* Sources */,
				AB8B06B726D51103009F0795 /* Frameworks */,
				AB8B06B826D51103009F0795 /* Resources */,
			);
			buildRules = (
			);
			dependencies = (
			);
			name = LoginIN;
			productName = LoginIN;
			productReference = AB8B06BA26D51103009F0795 /* LoginIN.app */;
			productType = "com.apple.product-type.application";
		};
/* End PBXNativeTarget section */

/* Begin PBXProject section */
		AB8B06B226D51103009F0795 /* Project object */ = {
			isa = PBXProject;
			attributes = {
				LastSwiftUpdateCheck = 1250;
				LastUpgradeCheck = 1250;
				TargetAttributes = {
					AB8B06B926D51103009F0795 = {
						CreatedOnToolsVersion = 12.5.1;
					};
				};
			};
			buildConfigurationList = AB8B06B526D51103009F0795 /* Build configuration list for PBXProject "LoginIN" */;
			compatibilityVersion = "Xcode 9.3";
			developmentRegion = en;
			hasScannedForEncodings = 0;
			knownRegions = (
				en,
				Base,
			);
			mainGroup = AB8B06B126D51103009F0795;
			productRefGroup = AB8B06BB26D51103009F0795 /* Products */;
			projectDirPath = "";
			projectRoot = "";
			targets = (
				AB8B06B926D51103009F0795 /* LoginIN */,
			);
		};
/* End PBXProject section */

/* Begin PBXResourcesBuildPhase section */
		AB8B06B826D51103009F0795 /* Resources */ = {
			isa = PBXResourcesBuildPhase;
			buildActionMask = 2147483647;
			files = (
				AB8B06CA26D51107009F0795 /* LaunchScreen.storyboard in Resources */,
				AB8B06C726D51107009F0795 /* Assets.xcassets in Resources */,
				AB8B06C526D51103009F0795 /* Main.storyboard in Resources */,
			);
			runOnlyForDeploymentPostprocessing = 0;
		};
/* End PBXResourcesBuildPhase section */

/* Begin PBXSourcesBuildPhase section */
		AB8B06B626D51103009F0795 /* Sources */ = {
			isa = PBXSourcesBuildPhase;
			buildActionMask = 2147483647;
			files = (
				AB8B06C226D51103009F0795 /* MainViewController.swift in Sources */,
				AB8B06BE26D51103009F0795 /* AppDelegate.swift in Sources */,
				AB8B06D226D5145B009F0795 /* UserWelcomViewController.swift in Sources */,
				AB8B06C026D51103009F0795 /* SceneDelegate.swift in Sources */,
			);
			runOnlyForDeploymentPostprocessing = 0;
		};
/* End PBXSourcesBuildPhase section */

/* Begin PBXVariantGroup section */
		AB8B06C326D51103009F0795 /* Main.storyboard */ = {
			isa = PBXVariantGroup;
			children = (
				AB8B06C426D51103009F0795 /* Base */,
			);
			name = Main.storyboard;
			sourceTree = "<group>";
		};
		AB8B06C826D51107009F0795 /* LaunchScreen.storyboard */ = {
			isa = PBXVariantGroup;
			children = (
				AB8B06C926D51107009F0795 /* Base */,
			);
			name = LaunchScreen.storyboard;
			sourceTree = "<group>";
		};
/* End PBXVariantGroup section */

/* Begin XCBuildConfiguration section */
		AB8B06CC26D51107009F0795 /* Debug */ = {
			isa = XCBuildConfiguration;
			buildSettings = {
				ALWAYS_SEARCH_USER_PATHS = NO;
				CLANG_ANALYZER_NONNULL = YES;
				CLANG_ANALYZER_NUMBER_OBJECT_CONVERSION = YES_AGGRESSIVE;
				CLANG_CXX_LANGUAGE_STANDARD = "gnu++14";
				CLANG_CXX_LIBRARY = "libc++";
				CLANG_ENABLE_MODULES = YES;
				CLANG_ENABLE_OBJC_ARC = YES;
				CLANG_ENABLE_OBJC_WEAK = YES;
				CLANG_WARN_BLOCK_CAPTURE_AUTORELEASING = YES;
				CLANG_WARN_BOOL_CONVERSION = YES;
				CLANG_WARN_COMMA = YES;
				CLANG_WARN_CONSTANT_CONVERSION = YES;
				CLANG_WARN_DEPRECATED_OBJC_IMPLEMENTATIONS = YES;
				CLANG_WARN_DIRECT_OBJC_ISA_USAGE = YES_ERROR;
				CLANG_WARN_DOCUMENTATION_COMMENTS = YES;
				CLANG_WARN_EMPTY_BODY = YES;
				CLANG_WARN_ENUM_CONVERSION = YES;
				CLANG_WARN_INFINITE_RECURSION = YES;
				CLANG_WARN_INT_CONVERSION = YES;
				CLANG_WARN_NON_LITERAL_NULL_CONVERSION = YES;
				CLANG_WARN_OBJC_IMPLICIT_RETAIN_SELF = YES;
				CLANG_WARN_OBJC_LITERAL_CONVERSION = YES;
				CLANG_WARN_OBJC_ROOT_CLASS = YES_ERROR;
				CLANG_WARN_QUOTED_INCLUDE_IN_FRAMEWORK_HEADER = YES;
				CLANG_WARN_RANGE_LOOP_ANALYSIS = YES;
				CLANG_WARN_STRICT_PROTOTYPES = YES;
				CLANG_WARN_SUSPICIOUS_MOVE = YES;
				CLANG_WARN_UNGUARDED_AVAILABILITY = YES_AGGRESSIVE;
				CLANG_WARN_UNREACHABLE_CODE = YES;
				CLANG_WARN__DUPLICATE_METHOD_MATCH = YES;
				COPY_PHASE_STRIP = NO;
				DEBUG_INFORMATION_FORMAT = dwarf;
				ENABLE_STRICT_OBJC_MSGSEND = YES;
				ENABLE_TESTABILITY = YES;
				GCC_C_LANGUAGE_STANDARD = gnu11;
				GCC_DYNAMIC_NO_PIC = NO;
				GCC_NO_COMMON_BLOCKS = YES;
				GCC_OPTIMIZATION_LEVEL = 0;
				GCC_PREPROCESSOR_DEFINITIONS = (
					"DEBUG=1",
					"$(inherited)",
				);
				GCC_WARN_64_TO_32_BIT_CONVERSION = YES;
				GCC_WARN_ABOUT_RETURN_TYPE = YES_ERROR;
				GCC_WARN_UNDECLARED_SELECTOR = YES;
				GCC_WARN_UNINITIALIZED_AUTOS = YES_AGGRESSIVE;
				GCC_WARN_UNUSED_FUNCTION = YES;
				GCC_WARN_UNUSED_VARIABLE = YES;
				IPHONEOS_DEPLOYMENT_TARGET = 14.5;
				MTL_ENABLE_DEBUG_INFO = INCLUDE_SOURCE;
				MTL_FAST_MATH = YES;
				ONLY_ACTIVE_ARCH = YES;
				SDKROOT = iphoneos;
				SWIFT_ACTIVE_COMPILATION_CONDITIONS = DEBUG;
				SWIFT_OPTIMIZATION_LEVEL = "-Onone";
			};
			name = Debug;
		};
		AB8B06CD26D51107009F0795 /* Release */ = {
			isa = XCBuildConfiguration;
			buildSettings = {
				ALWAYS_SEARCH_USER_PATHS = NO;
				CLANG_ANALYZER_NONNULL = YES;
				CLANG_ANALYZER_NUMBER_OBJECT_CONVERSION = YES_AGGRESSIVE;
				CLANG_CXX_LANGUAGE_STANDARD = "gnu++14";
				CLANG_CXX_LIBRARY = "libc++";
				CLANG_ENABLE_MODULES = YES;
				CLANG_ENABLE_OBJC_ARC = YES;
				CLANG_ENABLE_OBJC_WEAK = YES;
				CLANG_WARN_BLOCK_CAPTURE_AUTORELEASING = YES;
				CLANG_WARN_BOOL_CONVERSION = YES;
				CLANG_WARN_COMMA = YES;
				CLANG_WARN_CONSTANT_CONVERSION = YES;
				CLANG_WARN_DEPRECATED_OBJC_IMPLEMENTATIONS = YES;
				CLANG_WARN_DIRECT_OBJC_ISA_USAGE = YES_ERROR;
				CLANG_WARN_DOCUMENTATION_COMMENTS = YES;
				CLANG_WARN_EMPTY_BODY = YES;
				CLANG_WARN_ENUM_CONVERSION = YES;
				CLANG_WARN_INFINITE_RECURSION = YES;
				CLANG_WARN_INT_CONVERSION = YES;
				CLANG_WARN_NON_LITERAL_NULL_CONVERSION = YES;
				CLANG_WARN_OBJC_IMPLICIT_RETAIN_SELF = YES;
				CLANG_WARN_OBJC_LITERAL_CONVERSION = YES;
				CLANG_WARN_OBJC_ROOT_CLASS = YES_ERROR;
				CLANG_WARN_QUOTED_INCLUDE_IN_FRAMEWORK_HEADER = YES;
				CLANG_WARN_RANGE_LOOP_ANALYSIS = YES;
				CLANG_WARN_STRICT_PROTOTYPES = YES;
				CLANG_WARN_SUSPICIOUS_MOVE = YES;
				CLANG_WARN_UNGUARDED_AVAILABILITY = YES_AGGRESSIVE;
				CLANG_WARN_UNREACHABLE_CODE = YES;
				CLANG_WARN__DUPLICATE_METHOD_MATCH = YES;
				COPY_PHASE_STRIP = NO;
				DEBUG_INFORMATION_FORMAT = "dwarf-with-dsym";
				ENABLE_NS_ASSERTIONS = NO;
				ENABLE_STRICT_OBJC_MSGSEND = YES;
				GCC_C_LANGUAGE_STANDARD = gnu11;
				GCC_NO_COMMON_BLOCKS = YES;
				GCC_WARN_64_TO_32_BIT_CONVERSION = YES;
				GCC_WARN_ABOUT_RETURN_TYPE = YES_ERROR;
				GCC_WARN_UNDECLARED_SELECTOR = YES;
				GCC_WARN_UNINITIALIZED_AUTOS = YES_AGGRESSIVE;
				GCC_WARN_UNUSED_FUNCTION = YES;
				GCC_WARN_UNUSED_VARIABLE = YES;
				IPHONEOS_DEPLOYMENT_TARGET = 14.5;
				MTL_ENABLE_DEBUG_INFO = NO;
				MTL_FAST_MATH = YES;
				SDKROOT = iphoneos;
				SWIFT_COMPILATION_MODE = wholemodule;
				SWIFT_OPTIMIZATION_LEVEL = "-O";
				VALIDATE_PRODUCT = YES;
			};
			name = Release;
		};
		AB8B06CF26D51107009F0795 /* Debug */ = {
			isa = XCBuildConfiguration;
			buildSettings = {
				ASSETCATALOG_COMPILER_APPICON_NAME = AppIcon;
				ASSETCATALOG_COMPILER_GLOBAL_ACCENT_COLOR_NAME = AccentColor;
				CODE_SIGN_STYLE = Automatic;
				INFOPLIST_FILE = LoginIN/Info.plist;
				LD_RUNPATH_SEARCH_PATHS = (
					"$(inherited)",
					"@executable_path/Frameworks",
				);
				PRODUCT_BUNDLE_IDENTIFIER = RuslanBityukov.LoginIN;
				PRODUCT_NAME = "$(TARGET_NAME)";
				SWIFT_VERSION = 5.0;
				TARGETED_DEVICE_FAMILY = "1,2";
			};
			name = Debug;
		};
		AB8B06D026D51107009F0795 /* Release */ = {
			isa = XCBuildConfiguration;
			buildSettings = {
				ASSETCATALOG_COMPILER_APPICON_NAME = AppIcon;
				ASSETCATALOG_COMPILER_GLOBAL_ACCENT_COLOR_NAME = AccentColor;
				CODE_SIGN_STYLE = Automatic;
				INFOPLIST_FILE = LoginIN/Info.plist;
				LD_RUNPATH_SEARCH_PATHS = (
					"$(inherited)",
					"@executable_path/Frameworks",
				);
				PRODUCT_BUNDLE_IDENTIFIER = RuslanBityukov.LoginIN;
				PRODUCT_NAME = "$(TARGET_NAME)";
				SWIFT_VERSION = 5.0;
				TARGETED_DEVICE_FAMILY = "1,2";
			};
			name = Release;
		};
/* End XCBuildConfiguration section */

/* Begin XCConfigurationList section */
		AB8B06B526D51103009F0795 /* Build configuration list for PBXProject "LoginIN" */ = {
			isa = XCConfigurationList;
			buildConfigurations = (
				AB8B06CC26D51107009F0795 /* Debug */,
				AB8B06CD26D51107009F0795 /* Release */,
			);
			defaultConfigurationIsVisible = 0;
			defaultConfigurationName = Release;
		};
		AB8B06CE26D51107009F0795 /* Build configuration list for PBXNativeTarget "LoginIN" */ = {
			isa = XCConfigurationList;
			buildConfigurations = (
				AB8B06CF26D51107009F0795 /* Debug */,
				AB8B06D026D51107009F0795 /* Release */,
			);
			defaultConfigurationIsVisible = 0;
			defaultConfigurationName = Release;
		};
/* End XCConfigurationList section */
	};
	rootObject = AB8B06B226D51103009F0795 /* Project object */;
}
